
Microsoft Visual Studio Solution File, Format Version 12.00
# Visual Studio Version 17
VisualStudioVersion = 17.0.31903.59
MinimumVisualStudioVersion = 10.0.40219.1
Project("{2150E333-8FDC-42A3-9474-1A3956D46DE8}") = "src", "src", "{279B8BC4-225F-4CDD-BA3A-45E78033EE48}"
EndProject
Project("{2150E333-8FDC-42A3-9474-1A3956D46DE8}") = "shared", "shared", "{EB6F2C72-58D6-4683-9C56-AFE9A0173B22}"
EndProject
Project("{FAE04EC0-301F-11D3-BF4B-00C04F79EFBC}") = "Clawbot.Domain", "src\shared\Clawbot.Domain\Clawbot.Domain.csproj", "{A6DF8115-E6FF-4F54-A98D-3B21482FA674}"
EndProject
Project("{2150E333-8FDC-42A3-9474-1A3956D46DE8}") = "tests", "tests", "{8BE031E4-804B-4D4F-A53D-462951D68344}"
EndProject
Project("{FAE04EC0-301F-11D3-BF4B-00C04F79EFBC}") = "Clawbot.Domain.Tests", "tests\Clawbot.Domain.Tests\Clawbot.Domain.Tests.csproj", "{7B4A6945-174B-464B-9E17-CF28FD6745F8}"
EndProject
Project("{FAE04EC0-301F-11D3-BF4B-00C04F79EFBC}") = "Clawbot.SharedKernel", "src\shared\Clawbot.SharedKernel\Clawbot.SharedKernel.csproj", "{1895ED6E-68AC-4971-87DC-C1183D8DADA4}"
EndProject
Project("{FAE04EC0-301F-11D3-BF4B-00C04F79EFBC}") = "Clawbot.Application", "src\shared\Clawbot.Application\Clawbot.Application.csproj", "{F5821B51-34F6-44C9-BB8C-9CB8EF07F1CD}"
EndProject
Project("{FAE04EC0-301F-11D3-BF4B-00C04F79EFBC}") = "Clawbot.Application.Tests", "tests\Clawbot.Application.Tests\Clawbot.Application.Tests.csproj", "{601DFAF3-77A7-4859-BEF5-CA5650C1D4E7}"
EndProject
Project("{FAE04EC0-301F-11D3-BF4B-00C04F79EFBC}") = "Clawbot.Infrastructure", "src\shared\Clawbot.Infrastructure\Clawbot.Infrastructure.csproj", "{6DC50963-6757-456F-8956-C013E2AAA5F2}"
EndProject
Project("{2150E333-8FDC-42A3-9474-1A3956D46DE8}") = "api", "api", "{7BF80CFA-46F8-4274-BD0C-8BF3C76BA33F}"
EndProject
Project("{FAE04EC0-301F-11D3-BF4B-00C04F79EFBC}") = "Clawbot.Api.Contracts", "src\api\Clawbot.Api.Contracts\Clawbot.Api.Contracts.csproj", "{862C7A1E-BDA1-4A4C-BCA8-193C6FA98BAA}"
EndProject
Project("{FAE04EC0-301F-11D3-BF4B-00C04F79EFBC}") = "Clawbot.Api", "src\api\Clawbot.Api\Clawbot.Api.csproj", "{29E9500E-A4EE-44B2-BF02-C9B331F6424E}"
EndProject
Project("{2150E333-8FDC-42A3-9474-1A3956D46DE8}") = "agents", "agents", "{79556438-F763-4008-AE29-B6A4278A5FEE}"
EndProject
Project("{FAE04EC0-301F-11D3-BF4B-00C04F79EFBC}") = "Clawbot.Agents.Contracts", "src\agents\Clawbot.Agents.Contracts\Clawbot.Agents.Contracts.csproj", "{05C6CCA7-A89C-4361-B100-C9B6C4FECF1B}"
EndProject
Project("{FAE04EC0-301F-11D3-BF4B-00C04F79EFBC}") = "Clawbot.Agents.Core", "src\agents\Clawbot.Agents.Core\Clawbot.Agents.Core.csproj", "{0716E165-0BA2-4103-BC7D-F0E50B7D44DF}"
EndProject
Project("{FAE04EC0-301F-11D3-BF4B-00C04F79EFBC}") = "Clawbot.AgentService", "src\agents\Clawbot.AgentService\Clawbot.AgentService.csproj", "{73763164-4B9C-4391-BFE0-E4392242CF8E}"
EndProject
Global
	GlobalSection(SolutionConfigurationPlatforms) = preSolution
		Debug|Any CPU = Debug|Any CPU
		Release|Any CPU = Release|Any CPU
	EndGlobalSection
	GlobalSection(SolutionProperties) = preSolution
		HideSolutionNode = FALSE
	EndGlobalSection
	GlobalSection(ProjectConfigurationPlatforms) = postSolution
		{A6DF8115-E6FF-4F54-A98D-3B21482FA674}.Debug|Any CPU.ActiveCfg = Debug|Any CPU
		{A6DF8115-E6FF-4F54-A98D-3B21482FA674}.Debug|Any CPU.Build.0 = Debug|Any CPU
		{A6DF8115-E6FF-4F54-A98D-3B21482FA674}.Release|Any CPU.ActiveCfg = Release|Any CPU
		{A6DF8115-E6FF-4F54-A98D-3B21482FA674}.Release|Any CPU.Build.0 = Release|Any CPU
		{7B4A6945-174B-464B-9E17-CF28FD6745F8}.Debug|Any CPU.ActiveCfg = Debug|Any CPU
		{7B4A6945-174B-464B-9E17-CF28FD6745F8}.Debug|Any CPU.Build.0 = Debug|Any CPU
		{7B4A6945-174B-464B-9E17-CF28FD6745F8}.Release|Any CPU.ActiveCfg = Release|Any CPU
		{7B4A6945-174B-464B-9E17-CF28FD6745F8}.Release|Any CPU.Build.0 = Release|Any CPU
		{1895ED6E-68AC-4971-87DC-C1183D8DADA4}.Debug|Any CPU.ActiveCfg = Debug|Any CPU
		{1895ED6E-68AC-4971-87DC-C1183D8DADA4}.Debug|Any CPU.Build.0 = Debug|Any CPU
		{1895ED6E-68AC-4971-87DC-C1183D8DADA4}.Release|Any CPU.ActiveCfg = Release|Any CPU
		{1895ED6E-68AC-4971-87DC-C1183D8DADA4}.Release|Any CPU.Build.0 = Release|Any CPU
		{F5821B51-34F6-44C9-BB8C-9CB8EF07F1CD}.Debug|Any CPU.ActiveCfg = Debug|Any CPU
		{F5821B51-34F6-44C9-BB8C-9CB8EF07F1CD}.Debug|Any CPU.Build.0 = Debug|Any CPU
		{F5821B51-34F6-44C9-BB8C-9CB8EF07F1CD}.Release|Any CPU.ActiveCfg = Release|Any CPU
		{F5821B51-34F6-44C9-BB8C-9CB8EF07F1CD}.Release|Any CPU.Build.0 = Release|Any CPU
		{601DFAF3-77A7-4859-BEF5-CA5650C1D4E7}.Debug|Any CPU.ActiveCfg = Debug|Any CPU
		{601DFAF3-77A7-4859-BEF5-CA5650C1D4E7}.Debug|Any CPU.Build.0 = Debug|Any CPU
		{601DFAF3-77A7-4859-BEF5-CA5650C1D4E7}.Release|Any CPU.ActiveCfg = Release|Any CPU
		{601DFAF3-77A7-4859-BEF5-CA5650C1D4E7}.Release|Any CPU.Build.0 = Release|Any CPU
		{6DC50963-6757-456F-8956-C013E2AAA5F2}.Debug|Any CPU.ActiveCfg = Debug|Any CPU
		{6DC50963-6757-456F-8956-C013E2AAA5F2}.Debug|Any CPU.Build.0 = Debug|Any CPU
		{6DC50963-6757-456F-8956-C013E2AAA5F2}.Release|Any CPU.ActiveCfg = Release|Any CPU
		{6DC50963-6757-456F-8956-C013E2AAA5F2}.Release|Any CPU.Build.0 = Release|Any CPU
		{862C7A1E-BDA1-4A4C-BCA8-193C6FA98BAA}.Debug|Any CPU.ActiveCfg = Debug|Any CPU
		{862C7A1E-BDA1-4A4C-BCA8-193C6FA98BAA}.Debug|Any CPU.Build.0 = Debug|Any CPU
		{862C7A1E-BDA1-4A4C-BCA8-193C6FA98BAA}.Release|Any CPU.ActiveCfg = Release|Any CPU
		{862C7A1E-BDA1-4A4C-BCA8-193C6FA98BAA}.Release|Any CPU.Build.0 = Release|Any CPU
		{29E9500E-A4EE-44B2-BF02-C9B331F6424E}.Debug|Any CPU.ActiveCfg = Debug|Any CPU
		{29E9500E-A4EE-44B2-BF02-C9B331F6424E}.Debug|Any CPU.Build.0 = Debug|Any CPU
		{29E9500E-A4EE-44B2-BF02-C9B331F6424E}.Release|Any CPU.ActiveCfg = Release|Any CPU
		{29E9500E-A4EE-44B2-BF02-C9B331F6424E}.Release|Any CPU.Build.0 = Release|Any CPU
		{05C6CCA7-A89C-4361-B100-C9B6C4FECF1B}.Debug|Any CPU.ActiveCfg = Debug|Any CPU
		{05C6CCA7-A89C-4361-B100-C9B6C4FECF1B}.Debug|Any CPU.Build.0 = Debug|Any CPU
		{05C6CCA7-A89C-4361-B100-C9B6C4FECF1B}.Release|Any CPU.ActiveCfg = Release|Any CPU
		{05C6CCA7-A89C-4361-B100-C9B6C4FECF1B}.Release|Any CPU.Build.0 = Release|Any CPU
		{0716E165-0BA2-4103-BC7D-F0E50B7D44DF}.Debug|Any CPU.ActiveCfg = Debug|Any CPU
		{0716E165-0BA2-4103-BC7D-F0E50B7D44DF}.Debug|Any CPU.Build.0 = Debug|Any CPU
		{0716E165-0BA2-4103-BC7D-F0E50B7D44DF}.Release|Any CPU.ActiveCfg = Release|Any CPU
		{0716E165-0BA2-4103-BC7D-F0E50B7D44DF}.Release|Any CPU.Build.0 = Release|Any CPU
		{73763164-4B9C-4391-BFE0-E4392242CF8E}.Debug|Any CPU.ActiveCfg = Debug|Any CPU
		{73763164-4B9C-4391-BFE0-E4392242CF8E}.Debug|Any CPU.Build.0 = Debug|Any CPU
		{73763164-4B9C-4391-BFE0-E4392242CF8E}.Release|Any CPU.ActiveCfg = Release|Any CPU
		{73763164-4B9C-4391-BFE0-E4392242CF8E}.Release|Any CPU.Build.0 = Release|Any CPU
	EndGlobalSection
	GlobalSection(NestedProjects) = preSolution
		{EB6F2C72-58D6-4683-9C56-AFE9A0173B22} = {279B8BC4-225F-4CDD-BA3A-45E78033EE48}
		{A6DF8115-E6FF-4F54-A98D-3B21482FA674} = {EB6F2C72-58D6-4683-9C56-AFE9A0173B22}
		{7B4A6945-174B-464B-9E17-CF28FD6745F8} = {8BE031E4-804B-4D4F-A53D-462951D68344}
		{1895ED6E-68AC-4971-87DC-C1183D8DADA4} = {EB6F2C72-58D6-4683-9C56-AFE9A0173B22}
		{F5821B51-34F6-44C9-BB8C-9CB8EF07F1CD} = {EB6F2C72-58D6-4683-9C56-AFE9A0173B22}
		{601DFAF3-77A7-4859-BEF5-CA5650C1D4E7} = {8BE031E4-804B-4D4F-A53D-462951D68344}
		{6DC50963-6757-456F-8956-C013E2AAA5F2} = {EB6F2C72-58D6-4683-9C56-AFE9A0173B22}
		{7BF80CFA-46F8-4274-BD0C-8BF3C76BA33F} = {279B8BC4-225F-4CDD-BA3A-45E78033EE48}
		{862C7A1E-BDA1-4A4C-BCA8-193C6FA98BAA} = {7BF80CFA-46F8-4274-BD0C-8BF3C76BA33F}
		{29E9500E-A4EE-44B2-BF02-C9B331F6424E} = {7BF80CFA-46F8-4274-BD0C-8BF3C76BA33F}
		{79556438-F763-4008-AE29-B6A4278A5FEE} = {279B8BC4-225F-4CDD-BA3A-45E78033EE48}
		{05C6CCA7-A89C-4361-B100-C9B6C4FECF1B} = {79556438-F763-4008-AE29-B6A4278A5FEE}
		{0716E165-0BA2-4103-BC7D-F0E50B7D44DF} = {79556438-F763-4008-AE29-B6A4278A5FEE}
		{73763164-4B9C-4391-BFE0-E4392242CF8E} = {79556438-F763-4008-AE29-B6A4278A5FEE}
	EndGlobalSection
EndGlobal
